
Microsoft Visual Studio Solution File, Format Version 12.00
# Visual Studio Version 17
VisualStudioVersion = 17.14.36408.4 d17.14
MinimumVisualStudioVersion = 10.0.40219.1
Project("{FAE04EC0-301F-11D3-BF4B-00C04F79EFBC}") = "repetition", "repetition\repetition.csproj", "{9546ABFD-3917-4867-B895-ED0375C312D9}"
EndProject
Global
	GlobalSection(SolutionConfigurationPlatforms) = preSolution
		Debug|Any CPU = Debug|Any CPU
		Release|Any CPU = Release|Any CPU
	EndGlobalSection
	GlobalSection(ProjectConfigurationPlatforms) = postSolution
		{9546ABFD-3917-4867-B895-ED0375C312D9}.Debug|Any CPU.ActiveCfg = Debug|Any CPU
		{9546ABFD-3917-4867-B895-ED0375C312D9}.Debug|Any CPU.Build.0 = Debug|Any CPU
		{9546ABFD-3917-4867-B895-ED0375C312D9}.Release|Any CPU.ActiveCfg = Release|Any CPU
		{9546ABFD-3917-4867-B895-ED0375C312D9}.Release|Any CPU.Build.0 = Release|Any CPU
	EndGlobalSection
	GlobalSection(SolutionProperties) = preSolution
		HideSolutionNode = FALSE
	EndGlobalSection
	GlobalSection(ExtensibilityGlobals) = postSolution
		SolutionGuid = {AD961234-66D5-4AF4-AD9D-14BCA69386C1}
	EndGlobalSection
EndGlobal
