
Microsoft Visual Studio Solution File, Format Version 12.00
# Visual Studio Version 17
VisualStudioVersion = 17.14.36408.4 d17.14
MinimumVisualStudioVersion = 10.0.40219.1
Project("{FAE04EC0-301F-11D3-BF4B-00C04F79EFBC}") = "Shapes", "Shapes\Shapes.csproj", "{79446954-3E2C-48B5-879E-4076AEF81BEE}"
EndProject
Global
	GlobalSection(SolutionConfigurationPlatforms) = preSolution
		Debug|Any CPU = Debug|Any CPU
		Release|Any CPU = Release|Any CPU
	EndGlobalSection
	GlobalSection(ProjectConfigurationPlatforms) = postSolution
		{79446954-3E2C-48B5-879E-4076AEF81BEE}.Debug|Any CPU.ActiveCfg = Debug|Any CPU
		{79446954-3E2C-48B5-879E-4076AEF81BEE}.Debug|Any CPU.Build.0 = Debug|Any CPU
		{79446954-3E2C-48B5-879E-4076AEF81BEE}.Release|Any CPU.ActiveCfg = Release|Any CPU
		{79446954-3E2C-48B5-879E-4076AEF81BEE}.Release|Any CPU.Build.0 = Release|Any CPU
	EndGlobalSection
	GlobalSection(SolutionProperties) = preSolution
		HideSolutionNode = FALSE
	EndGlobalSection
	GlobalSection(ExtensibilityGlobals) = postSolution
		SolutionGuid = {61B46ECB-38B2-4AD4-A83B-90D9F15A8257}
	EndGlobalSection
EndGlobal
