
Microsoft Visual Studio Solution File, Format Version 12.00
# Visual Studio Version 17
VisualStudioVersion = 17.14.36408.4 d17.14
MinimumVisualStudioVersion = 10.0.40219.1
Project("{FAE04EC0-301F-11D3-BF4B-00C04F79EFBC}") = "ConsoleApp_001", "ConsoleApp_001\ConsoleApp_001.csproj", "{E24EDB6E-D57C-4572-AA8F-A5338D9EA3B6}"
EndProject
Global
	GlobalSection(SolutionConfigurationPlatforms) = preSolution
		Debug|Any CPU = Debug|Any CPU
		Release|Any CPU = Release|Any CPU
	EndGlobalSection
	GlobalSection(ProjectConfigurationPlatforms) = postSolution
		{E24EDB6E-D57C-4572-AA8F-A5338D9EA3B6}.Debug|Any CPU.ActiveCfg = Debug|Any CPU
		{E24EDB6E-D57C-4572-AA8F-A5338D9EA3B6}.Debug|Any CPU.Build.0 = Debug|Any CPU
		{E24EDB6E-D57C-4572-AA8F-A5338D9EA3B6}.Release|Any CPU.ActiveCfg = Release|Any CPU
		{E24EDB6E-D57C-4572-AA8F-A5338D9EA3B6}.Release|Any CPU.Build.0 = Release|Any CPU
	EndGlobalSection
	GlobalSection(SolutionProperties) = preSolution
		HideSolutionNode = FALSE
	EndGlobalSection
	GlobalSection(ExtensibilityGlobals) = postSolution
		SolutionGuid = {D312CAD1-BBCF-48D9-A356-11225F9EF029}
	EndGlobalSection
EndGlobal
